// !$*UTF8*$!
{
	archiveVersion = 1;
	classes = {
	};
	objectVersion = 50;
	objects = {

/* Begin PBXBuildFile section */
		FBB7A08E230EEDD500D6A748 /* CoursesViewController.swift in Sources */ = {isa = PBXBuildFile; fileRef = FBB7A08D230EEDD500D6A748 /* CoursesViewController.swift */; };
		FBB7A090230EEE6300D6A748 /* UserActionCell.swift in Sources */ = {isa = PBXBuildFile; fileRef = FBB7A08F230EEE6300D6A748 /* UserActionCell.swift */; };
		FBB7A092230EEED000D6A748 /* CourseCell.swift in Sources */ = {isa = PBXBuildFile; fileRef = FBB7A091230EEED000D6A748 /* CourseCell.swift */; };
		FBB7A094230F985700D6A748 /* Course.swift in Sources */ = {isa = PBXBuildFile; fileRef = FBB7A093230F985700D6A748 /* Course.swift */; };
		FBB9E243230EDDD100AA2538 /* AppDelegate.swift in Sources */ = {isa = PBXBuildFile; fileRef = FBB9E242230EDDD100AA2538 /* AppDelegate.swift */; };
		FBB9E248230EDDD100AA2538 /* Main.storyboard in Resources */ = {isa = PBXBuildFile; fileRef = FBB9E246230EDDD100AA2538 /* Main.storyboard */; };
		FBB9E24A230EDDD300AA2538 /* Assets.xcassets in Resources */ = {isa = PBXBuildFile; fileRef = FBB9E249230EDDD300AA2538 /* Assets.xcassets */; };
		FBB9E24D230EDDD300AA2538 /* LaunchScreen.storyboard in Resources */ = {isa = PBXBuildFile; fileRef = FBB9E24B230EDDD300AA2538 /* LaunchScreen.storyboard */; };
		FBB9E255230EECA600AA2538 /* ImageViewController.swift in Sources */ = {isa = PBXBuildFile; fileRef = FBB9E254230EECA600AA2538 /* ImageViewController.swift */; };
		FBB9E257230EED4800AA2538 /* MainViewController.swift in Sources */ = {isa = PBXBuildFile; fileRef = FBB9E256230EED4800AA2538 /* MainViewController.swift */; };
/* End PBXBuildFile section */

/* Begin PBXFileReference section */
		FBB7A08D230EEDD500D6A748 /* CoursesViewController.swift */ = {isa = PBXFileReference; lastKnownFileType = sourcecode.swift; path = CoursesViewController.swift; sourceTree = "<group>"; };
		FBB7A08F230EEE6300D6A748 /* UserActionCell.swift */ = {isa = PBXFileReference; lastKnownFileType = sourcecode.swift; path = UserActionCell.swift; sourceTree = "<group>"; };
		FBB7A091230EEED000D6A748 /* CourseCell.swift */ = {isa = PBXFileReference; lastKnownFileType = sourcecode.swift; path = CourseCell.swift; sourceTree = "<group>"; };
		FBB7A093230F985700D6A748 /* Course.swift */ = {isa = PBXFileReference; lastKnownFileType = sourcecode.swift; path = Course.swift; sourceTree = "<group>"; };
		FBB9E23F230EDDD100AA2538 /* MyNetworking.app */ = {isa = PBXFileReference; explicitFileType = wrapper.application; includeInIndex = 0; path = MyNetworking.app; sourceTree = BUILT_PRODUCTS_DIR; };
		FBB9E242230EDDD100AA2538 /* AppDelegate.swift */ = {isa = PBXFileReference; lastKnownFileType = sourcecode.swift; path = AppDelegate.swift; sourceTree = "<group>"; };
		FBB9E247230EDDD100AA2538 /* Base */ = {isa = PBXFileReference; lastKnownFileType = file.storyboard; name = Base; path = Base.lproj/Main.storyboard; sourceTree = "<group>"; };
		FBB9E249230EDDD300AA2538 /* Assets.xcassets */ = {isa = PBXFileReference; lastKnownFileType = folder.assetcatalog; path = Assets.xcassets; sourceTree = "<group>"; };
		FBB9E24C230EDDD300AA2538 /* Base */ = {isa = PBXFileReference; lastKnownFileType = file.storyboard; name = Base; path = Base.lproj/LaunchScreen.storyboard; sourceTree = "<group>"; };
		FBB9E24E230EDDD300AA2538 /* Info.plist */ = {isa = PBXFileReference; lastKnownFileType = text.plist.xml; path = Info.plist; sourceTree = "<group>"; };
		FBB9E254230EECA600AA2538 /* ImageViewController.swift */ = {isa = PBXFileReference; lastKnownFileType = sourcecode.swift; path = ImageViewController.swift; sourceTree = "<group>"; };
		FBB9E256230EED4800AA2538 /* MainViewController.swift */ = {isa = PBXFileReference; lastKnownFileType = sourcecode.swift; path = MainViewController.swift; sourceTree = "<group>"; };
/* End PBXFileReference section */

/* Begin PBXFrameworksBuildPhase section */
		FBB9E23C230EDDD100AA2538 /* Frameworks */ = {
			isa = PBXFrameworksBuildPhase;
			buildActionMask = 2147483647;
			files = (
			);
			runOnlyForDeploymentPostprocessing = 0;
		};
/* End PBXFrameworksBuildPhase section */

/* Begin PBXGroup section */
		FBB9E236230EDDD100AA2538 = {
			isa = PBXGroup;
			children = (
				FBB9E241230EDDD100AA2538 /* MyNetworking */,
				FBB9E240230EDDD100AA2538 /* Products */,
			);
			sourceTree = "<group>";
		};
		FBB9E240230EDDD100AA2538 /* Products */ = {
			isa = PBXGroup;
			children = (
				FBB9E23F230EDDD100AA2538 /* MyNetworking.app */,
			);
			name = Products;
			sourceTree = "<group>";
		};
		FBB9E241230EDDD100AA2538 /* MyNetworking */ = {
			isa = PBXGroup;
			children = (
				FBB9E242230EDDD100AA2538 /* AppDelegate.swift */,
				FBB9E256230EED4800AA2538 /* MainViewController.swift */,
				FBB7A08D230EEDD500D6A748 /* CoursesViewController.swift */,
				FBB7A091230EEED000D6A748 /* CourseCell.swift */,
				FBB9E246230EDDD100AA2538 /* Main.storyboard */,
				FBB7A093230F985700D6A748 /* Course.swift */,
				FBB7A08F230EEE6300D6A748 /* UserActionCell.swift */,
				FBB9E254230EECA600AA2538 /* ImageViewController.swift */,
				FBB9E249230EDDD300AA2538 /* Assets.xcassets */,
				FBB9E24B230EDDD300AA2538 /* LaunchScreen.storyboard */,
				FBB9E24E230EDDD300AA2538 /* Info.plist */,
			);
			path = MyNetworking;
			sourceTree = "<group>";
		};
/* End PBXGroup section */

/* Begin PBXNativeTarget section */
		FBB9E23E230EDDD100AA2538 /* MyNetworking */ = {
			isa = PBXNativeTarget;
			buildConfigurationList = FBB9E251230EDDD300AA2538 /* Build configuration list for PBXNativeTarget "MyNetworking" */;
			buildPhases = (
				FBB9E23B230EDDD100AA2538 /* Sources */,
				FBB9E23C230EDDD100AA2538 /* Frameworks */,
				FBB9E23D230EDDD100AA2538 /* Resources */,
			);
			buildRules = (
			);
			dependencies = (
			);
			name = MyNetworking;
			productName = MyNetworking;
			productReference = FBB9E23F230EDDD100AA2538 /* MyNetworking.app */;
			productType = "com.apple.product-type.application";
		};
/* End PBXNativeTarget section */

/* Begin PBXProject section */
		FBB9E237230EDDD100AA2538 /* Project object */ = {
			isa = PBXProject;
			attributes = {
				LastSwiftUpdateCheck = 1030;
				LastUpgradeCheck = 1030;
				ORGANIZATIONNAME = "Vasilii Burenkov";
				TargetAttributes = {
					FBB9E23E230EDDD100AA2538 = {
						CreatedOnToolsVersion = 10.3;
					};
				};
			};
			buildConfigurationList = FBB9E23A230EDDD100AA2538 /* Build configuration list for PBXProject "MyNetworking" */;
			compatibilityVersion = "Xcode 9.3";
			developmentRegion = en;
			hasScannedForEncodings = 0;
			knownRegions = (
				en,
				Base,
			);
			mainGroup = FBB9E236230EDDD100AA2538;
			productRefGroup = FBB9E240230EDDD100AA2538 /* Products */;
			projectDirPath = "";
			projectRoot = "";
			targets = (
				FBB9E23E230EDDD100AA2538 /* MyNetworking */,
			);
		};
/* End PBXProject section */

/* Begin PBXResourcesBuildPhase section */
		FBB9E23D230EDDD100AA2538 /* Resources */ = {
			isa = PBXResourcesBuildPhase;
			buildActionMask = 2147483647;
			files = (
				FBB9E24D230EDDD300AA2538 /* LaunchScreen.storyboard in Resources */,
				FBB9E24A230EDDD300AA2538 /* Assets.xcassets in Resources */,
				FBB9E248230EDDD100AA2538 /* Main.storyboard in Resources */,
			);
			runOnlyForDeploymentPostprocessing = 0;
		};
/* End PBXResourcesBuildPhase section */

/* Begin PBXSourcesBuildPhase section */
		FBB9E23B230EDDD100AA2538 /* Sources */ = {
			isa = PBXSourcesBuildPhase;
			buildActionMask = 2147483647;
			files = (
				FBB7A092230EEED000D6A748 /* CourseCell.swift in Sources */,
				FBB7A094230F985700D6A748 /* Course.swift in Sources */,
				FBB7A090230EEE6300D6A748 /* UserActionCell.swift in Sources */,
				FBB9E255230EECA600AA2538 /* ImageViewController.swift in Sources */,
				FBB7A08E230EEDD500D6A748 /* CoursesViewController.swift in Sources */,
				FBB9E243230EDDD100AA2538 /* AppDelegate.swift in Sources */,
				FBB9E257230EED4800AA2538 /* MainViewController.swift in Sources */,
			);
			runOnlyForDeploymentPostprocessing = 0;
		};
/* End PBXSourcesBuildPhase section */

/* Begin PBXVariantGroup section */
		FBB9E246230EDDD100AA2538 /* Main.storyboard */ = {
			isa = PBXVariantGroup;
			children = (
				FBB9E247230EDDD100AA2538 /* Base */,
			);
			name = Main.storyboard;
			sourceTree = "<group>";
		};
		FBB9E24B230EDDD300AA2538 /* LaunchScreen.storyboard */ = {
			isa = PBXVariantGroup;
			children = (
				FBB9E24C230EDDD300AA2538 /* Base */,
			);
			name = LaunchScreen.storyboard;
			sourceTree = "<group>";
		};
/* End PBXVariantGroup section */

/* Begin XCBuildConfiguration section */
		FBB9E24F230EDDD300AA2538 /* Debug */ = {
			isa = XCBuildConfiguration;
			buildSettings = {
				ALWAYS_SEARCH_USER_PATHS = NO;
				CLANG_ANALYZER_NONNULL = YES;
				CLANG_ANALYZER_NUMBER_OBJECT_CONVERSION = YES_AGGRESSIVE;
				CLANG_CXX_LANGUAGE_STANDARD = "gnu++14";
				CLANG_CXX_LIBRARY = "libc++";
				CLANG_ENABLE_MODULES = YES;
				CLANG_ENABLE_OBJC_ARC = YES;
				CLANG_ENABLE_OBJC_WEAK = YES;
				CLANG_WARN_BLOCK_CAPTURE_AUTORELEASING = YES;
				CLANG_WARN_BOOL_CONVERSION = YES;
				CLANG_WARN_COMMA = YES;
				CLANG_WARN_CONSTANT_CONVERSION = YES;
				CLANG_WARN_DEPRECATED_OBJC_IMPLEMENTATIONS = YES;
				CLANG_WARN_DIRECT_OBJC_ISA_USAGE = YES_ERROR;
				CLANG_WARN_DOCUMENTATION_COMMENTS = YES;
				CLANG_WARN_EMPTY_BODY = YES;
				CLANG_WARN_ENUM_CONVERSION = YES;
				CLANG_WARN_INFINITE_RECURSION = YES;
				CLANG_WARN_INT_CONVERSION = YES;
				CLANG_WARN_NON_LITERAL_NULL_CONVERSION = YES;
				CLANG_WARN_OBJC_IMPLICIT_RETAIN_SELF = YES;
				CLANG_WARN_OBJC_LITERAL_CONVERSION = YES;
				CLANG_WARN_OBJC_ROOT_CLASS = YES_ERROR;
				CLANG_WARN_RANGE_LOOP_ANALYSIS = YES;
				CLANG_WARN_STRICT_PROTOTYPES = YES;
				CLANG_WARN_SUSPICIOUS_MOVE = YES;
				CLANG_WARN_UNGUARDED_AVAILABILITY = YES_AGGRESSIVE;
				CLANG_WARN_UNREACHABLE_CODE = YES;
				CLANG_WARN__DUPLICATE_METHOD_MATCH = YES;
				CODE_SIGN_IDENTITY = "iPhone Developer";
				COPY_PHASE_STRIP = NO;
				DEBUG_INFORMATION_FORMAT = dwarf;
				ENABLE_STRICT_OBJC_MSGSEND = YES;
				ENABLE_TESTABILITY = YES;
				GCC_C_LANGUAGE_STANDARD = gnu11;
				GCC_DYNAMIC_NO_PIC = NO;
				GCC_NO_COMMON_BLOCKS = YES;
				GCC_OPTIMIZATION_LEVEL = 0;
				GCC_PREPROCESSOR_DEFINITIONS = (
					"DEBUG=1",
					"$(inherited)",
				);
				GCC_WARN_64_TO_32_BIT_CONVERSION = YES;
				GCC_WARN_ABOUT_RETURN_TYPE = YES_ERROR;
				GCC_WARN_UNDECLARED_SELECTOR = YES;
				GCC_WARN_UNINITIALIZED_AUTOS = YES_AGGRESSIVE;
				GCC_WARN_UNUSED_FUNCTION = YES;
				GCC_WARN_UNUSED_VARIABLE = YES;
				IPHONEOS_DEPLOYMENT_TARGET = 12.4;
				MTL_ENABLE_DEBUG_INFO = INCLUDE_SOURCE;
				MTL_FAST_MATH = YES;
				ONLY_ACTIVE_ARCH = YES;
				SDKROOT = iphoneos;
				SWIFT_ACTIVE_COMPILATION_CONDITIONS = DEBUG;
				SWIFT_OPTIMIZATION_LEVEL = "-Onone";
			};
			name = Debug;
		};
		FBB9E250230EDDD300AA2538 /* Release */ = {
			isa = XCBuildConfiguration;
			buildSettings = {
				ALWAYS_SEARCH_USER_PATHS = NO;
				CLANG_ANALYZER_NONNULL = YES;
				CLANG_ANALYZER_NUMBER_OBJECT_CONVERSION = YES_AGGRESSIVE;
				CLANG_CXX_LANGUAGE_STANDARD = "gnu++14";
				CLANG_CXX_LIBRARY = "libc++";
				CLANG_ENABLE_MODULES = YES;
				CLANG_ENABLE_OBJC_ARC = YES;
				CLANG_ENABLE_OBJC_WEAK = YES;
				CLANG_WARN_BLOCK_CAPTURE_AUTORELEASING = YES;
				CLANG_WARN_BOOL_CONVERSION = YES;
				CLANG_WARN_COMMA = YES;
				CLANG_WARN_CONSTANT_CONVERSION = YES;
				CLANG_WARN_DEPRECATED_OBJC_IMPLEMENTATIONS = YES;
				CLANG_WARN_DIRECT_OBJC_ISA_USAGE = YES_ERROR;
				CLANG_WARN_DOCUMENTATION_COMMENTS = YES;
				CLANG_WARN_EMPTY_BODY = YES;
				CLANG_WARN_ENUM_CONVERSION = YES;
				CLANG_WARN_INFINITE_RECURSION = YES;
				CLANG_WARN_INT_CONVERSION = YES;
				CLANG_WARN_NON_LITERAL_NULL_CONVERSION = YES;
				CLANG_WARN_OBJC_IMPLICIT_RETAIN_SELF = YES;
				CLANG_WARN_OBJC_LITERAL_CONVERSION = YES;
				CLANG_WARN_OBJC_ROOT_CLASS = YES_ERROR;
				CLANG_WARN_RANGE_LOOP_ANALYSIS = YES;
				CLANG_WARN_STRICT_PROTOTYPES = YES;
				CLANG_WARN_SUSPICIOUS_MOVE = YES;
				CLANG_WARN_UNGUARDED_AVAILABILITY = YES_AGGRESSIVE;
				CLANG_WARN_UNREACHABLE_CODE = YES;
				CLANG_WARN__DUPLICATE_METHOD_MATCH = YES;
				CODE_SIGN_IDENTITY = "iPhone Developer";
				COPY_PHASE_STRIP = NO;
				DEBUG_INFORMATION_FORMAT = "dwarf-with-dsym";
				ENABLE_NS_ASSERTIONS = NO;
				ENABLE_STRICT_OBJC_MSGSEND = YES;
				GCC_C_LANGUAGE_STANDARD = gnu11;
				GCC_NO_COMMON_BLOCKS = YES;
				GCC_WARN_64_TO_32_BIT_CONVERSION = YES;
				GCC_WARN_ABOUT_RETURN_TYPE = YES_ERROR;
				GCC_WARN_UNDECLARED_SELECTOR = YES;
				GCC_WARN_UNINITIALIZED_AUTOS = YES_AGGRESSIVE;
				GCC_WARN_UNUSED_FUNCTION = YES;
				GCC_WARN_UNUSED_VARIABLE = YES;
				IPHONEOS_DEPLOYMENT_TARGET = 12.4;
				MTL_ENABLE_DEBUG_INFO = NO;
				MTL_FAST_MATH = YES;
				SDKROOT = iphoneos;
				SWIFT_COMPILATION_MODE = wholemodule;
				SWIFT_OPTIMIZATION_LEVEL = "-O";
				VALIDATE_PRODUCT = YES;
			};
			name = Release;
		};
		FBB9E252230EDDD300AA2538 /* Debug */ = {
			isa = XCBuildConfiguration;
			buildSettings = {
				ASSETCATALOG_COMPILER_APPICON_NAME = AppIcon;
				CODE_SIGN_STYLE = Automatic;
				DEVELOPMENT_TEAM = 2SG6U667DB;
				INFOPLIST_FILE = MyNetworking/Info.plist;
				LD_RUNPATH_SEARCH_PATHS = (
					"$(inherited)",
					"@executable_path/Frameworks",
				);
				PRODUCT_BUNDLE_IDENTIFIER = com.burenkov.MyNetworking;
				PRODUCT_NAME = "$(TARGET_NAME)";
				SWIFT_VERSION = 5.0;
				TARGETED_DEVICE_FAMILY = "1,2";
			};
			name = Debug;
		};
		FBB9E253230EDDD300AA2538 /* Release */ = {
			isa = XCBuildConfiguration;
			buildSettings = {
				ASSETCATALOG_COMPILER_APPICON_NAME = AppIcon;
				CODE_SIGN_STYLE = Automatic;
				DEVELOPMENT_TEAM = 2SG6U667DB;
				INFOPLIST_FILE = MyNetworking/Info.plist;
				LD_RUNPATH_SEARCH_PATHS = (
					"$(inherited)",
					"@executable_path/Frameworks",
				);
				PRODUCT_BUNDLE_IDENTIFIER = com.burenkov.MyNetworking;
				PRODUCT_NAME = "$(TARGET_NAME)";
				SWIFT_VERSION = 5.0;
				TARGETED_DEVICE_FAMILY = "1,2";
			};
			name = Release;
		};
/* End XCBuildConfiguration section */

/* Begin XCConfigurationList section */
		FBB9E23A230EDDD100AA2538 /* Build configuration list for PBXProject "MyNetworking" */ = {
			isa = XCConfigurationList;
			buildConfigurations = (
				FBB9E24F230EDDD300AA2538 /* Debug */,
				FBB9E250230EDDD300AA2538 /* Release */,
			);
			defaultConfigurationIsVisible = 0;
			defaultConfigurationName = Release;
		};
		FBB9E251230EDDD300AA2538 /* Build configuration list for PBXNativeTarget "MyNetworking" */ = {
			isa = XCConfigurationList;
			buildConfigurations = (
				FBB9E252230EDDD300AA2538 /* Debug */,
				FBB9E253230EDDD300AA2538 /* Release */,
			);
			defaultConfigurationIsVisible = 0;
			defaultConfigurationName = Release;
		};
/* End XCConfigurationList section */
	};
	rootObject = FBB9E237230EDDD100AA2538 /* Project object */;
}
